
Microsoft Visual Studio Solution File, Format Version 12.00
# Visual Studio Version 17
VisualStudioVersion = 17.11.35219.272
MinimumVisualStudioVersion = 10.0.40219.1
Project("{FAE04EC0-301F-11D3-BF4B-00C04F79EFBC}") = "toDoApp", "toDoApp\toDoApp.csproj", "{9D99DDF2-2E11-48EA-BE25-D0AD170F4124}"
EndProject
Global
	GlobalSection(SolutionConfigurationPlatforms) = preSolution
		Debug|Any CPU = Debug|Any CPU
		Release|Any CPU = Release|Any CPU
	EndGlobalSection
	GlobalSection(ProjectConfigurationPlatforms) = postSolution
		{9D99DDF2-2E11-48EA-BE25-D0AD170F4124}.Debug|Any CPU.ActiveCfg = Debug|Any CPU
		{9D99DDF2-2E11-48EA-BE25-D0AD170F4124}.Debug|Any CPU.Build.0 = Debug|Any CPU
		{9D99DDF2-2E11-48EA-BE25-D0AD170F4124}.Release|Any CPU.ActiveCfg = Release|Any CPU
		{9D99DDF2-2E11-48EA-BE25-D0AD170F4124}.Release|Any CPU.Build.0 = Release|Any CPU
	EndGlobalSection
	GlobalSection(SolutionProperties) = preSolution
		HideSolutionNode = FALSE
	EndGlobalSection
	GlobalSection(ExtensibilityGlobals) = postSolution
		SolutionGuid = {BFD3086B-5415-4119-9DF3-F540238AD9D3}
	EndGlobalSection
EndGlobal
